{
  "name": "node_example",
  "version": "1.0.0",
  "lockfileVersion": 1,
  "requires": true,
  "dependencies": {
    "platformsh": {
      "version": "1.0.0",
      "resolved": "https://registry.npmjs.org/platformsh/-/platformsh-1.0.0.tgz",
      "integrity": "sha1-jU61lZ/vP/Bf+vbg1dAyBaME1tk="
    }
  }
}
